version = 1
requires-python = ">=3.13"

[[package]]
name = "bitarray"
version = "3.8.0"
source = { registry = "https://pypi.org/simple" }
sdist = { url = "https://files.pythonhosted.org/packages/95/06/92fdc84448d324ab8434b78e65caf4fb4c6c90b4f8ad9bdd4c8021bfaf1e/bitarray-3.8.0.tar.gz", hash = "sha256:3eae38daffd77c9621ae80c16932eea3fb3a4af141fb7cc724d4ad93eff9210d", size = 151991 }
wheels = [
    { url = "https://files.pythonhosted.org/packages/3e/35/480364d4baf1e34c79076750914664373f561c58abb5c31c35b3fae613ff/bitarray-3.8.0-cp313-cp313-macosx_10_13_x86_64.whl", hash = "sha256:18214bac86341f1cc413772e66447d6cca10981e2880b70ecaf4e826c04f95e9", size = 148582 },
    { url = "https://files.pythonhosted.org/packages/5e/a8/718b95524c803937f4edbaaf6480f39c80f6ed189d61357b345e8361ffb6/bitarray-3.8.0-cp313-cp313-macosx_11_0_arm64.whl", hash = "sha256:01c5f0dc080b0ebb432f7a68ee1e88a76bd34f6d89c9568fcec65fb16ed71f0e", size = 145433 },
    { url = "https://files.pythonhosted.org/packages/03/66/4a10f30dc9e2e01e3b4ecd44a511219f98e63c86b0e0f704c90fac24059b/bitarray-3.8.0-cp313-cp313-manylinux2014_aarch64.manylinux_2_17_aarch64.manylinux_2_28_aarch64.whl", hash = "sha256:86685fa04067f7175f9718489ae755f6acde03593a1a9ca89305554af40e14fd", size = 332986 },
    { url = "https://files.pythonhosted.org/packages/53/25/4c08774d847f80a1166e4c704b4e0f1c417c0afe6306eae0bc5e70d35faa/bitarray-3.8.0-cp313-cp313-manylinux2014_ppc64le.manylinux_2_17_ppc64le.manylinux_2_28_ppc64le.whl", hash = "sha256:56896ceeffe25946c4010320629e2d858ca763cd8ded273c81672a5edbcb1e0a", size = 360634 },
    { url = "https://files.pythonhosted.org/packages/a5/8f/bf8ad26169ebd0b2746d5c7564db734453ca467f8aab87e9d43b0a794383/bitarray-3.8.0-cp313-cp313-manylinux2014_s390x.manylinux_2_17_s390x.manylinux_2_28_s390x.whl", hash = "sha256:9858dcbc23ba7eaadcd319786b982278a1a2b2020720b19db43e309579ff76fb", size = 371992 },
    { url = "https://files.pythonhosted.org/packages/a9/16/ce166754e7c9d10650e02914552fa637cf3b2591f7ed16632bbf6b783312/bitarray-3.8.0-cp313-cp313-manylinux2014_x86_64.manylinux_2_17_x86_64.manylinux_2_28_x86_64.whl", hash = "sha256:aa7dec53c25f1949513457ef8b0ea1fb40e76c672cc4d2daa8ad3c8d6b73491a", size = 340315 },
    { url = "https://files.pythonhosted.org/packages/de/2a/fbba3a106ddd260e84b9a624f730257c32ba51a8a029565248dfedfdf6f2/bitarray-3.8.0-cp313-cp313-musllinux_1_2_aarch64.whl", hash = "sha256:15a2eff91f54d2b1f573cca8ca6fb58763ce8fea80e7899ab028f3987ef71cd5", size = 330473 },
    { url = "https://files.pythonhosted.org/packages/68/97/56cf3c70196e7307ad32318a9d6ed969dbdc6a4534bbe429112fa7dfe42e/bitarray-3.8.0-cp313-cp313-musllinux_1_2_ppc64le.whl", hash = "sha256:b1572ee0eb1967e71787af636bb7d1eb9c6735d5337762c450650e7f51844594", size = 358129 },
    { url = "https://files.pythonhosted.org/packages/fd/be/afd391a5c0896d3339613321b2f94af853f29afc8bd3fbc327431244c642/bitarray-3.8.0-cp313-cp313-musllinux_1_2_s390x.whl", hash = "sha256:5bfac7f236ba1a4d402644bdce47fb9db02a7cf3214a1f637d3a88390f9e5428", size = 356005 },
    { url = "https://files.pythonhosted.org/packages/ae/08/a8e1a371babba29bad3378bb3a2cdca2b012170711e7fe1f22031a6b7b95/bitarray-3.8.0-cp313-cp313-musllinux_1_2_x86_64.whl", hash = "sha256:f0a55cf02d2cdd739b40ce10c09bbdd520e141217696add7a48b56e67bdfdfe6", size = 336862 },
    { url = "https://files.pythonhosted.org/packages/ee/8a/6dc1d0fdc06991c8dc3b1fcfe1ae49fbaced42064cd1b5f24278e73fe05f/bitarray-3.8.0-cp313-cp313-win32.whl", hash = "sha256:a2ba92f59e30ce915e9e79af37649432e3a212ddddf416d4d686b1b4825bcdb2", size = 143018 },
    { url = "https://files.pythonhosted.org/packages/2e/72/76e13f5cd23b8b9071747909663ce3b02da24a5e7e22c35146338625db35/bitarray-3.8.0-cp313-cp313-win_amd64.whl", hash = "sha256:1c8f2a5d8006db5a555e06f9437e76bf52537d3dfd130cb8ae2b30866aca32c9", size = 149977 },
    { url = "https://files.pythonhosted.org/packages/01/37/60f336c32336cc3ec03b0c61076f16ea2f05d5371c8a56e802161d218b77/bitarray-3.8.0-cp313-cp313-win_arm64.whl", hash = "sha256:50ddbe3a7b4b6ab96812f5a4d570f401a2cdb95642fd04c062f98939610bbeee", size = 146930 },
    { url = "https://files.pythonhosted.org/packages/1b/b0/411327a6c7f6b2bead64bb06fe60b92e0344957ec1ab0645d5ccc25fdafe/bitarray-3.8.0-cp314-cp314-macosx_10_13_x86_64.whl", hash = "sha256:8cbd4bfc933b33b85c43ef4c1f4d5e3e9d91975ea6368acf5fbac02bac06ea89", size = 148563 },
    { url = "https://files.pythonhosted.org/packages/2a/bc/ff80d97c627d774f879da0ea93223adb1267feab7e07d5c17580ffe6d632/bitarray-3.8.0-cp314-cp314-macosx_11_0_arm64.whl", hash = "sha256:9d35d8f8a1c9ed4e2b08187b513f8a3c71958600129db3aa26d85ea3abfd1310", size = 145422 },
    { url = "https://files.pythonhosted.org/packages/66/e7/b4cb6c5689aacd0a32f3aa8a507155eaa33528c63de2f182b60843fbf700/bitarray-3.8.0-cp314-cp314-manylinux2014_aarch64.manylinux_2_17_aarch64.manylinux_2_28_aarch64.whl", hash = "sha256:99f55e14e7c56f4fafe1343480c32b110ef03836c21ff7c48bae7add6818f77c", size = 332852 },
    { url = "https://files.pythonhosted.org/packages/e7/91/fbd1b047e3e2f4b65590f289c8151df1d203d75b005f5aae4e072fe77d76/bitarray-3.8.0-cp314-cp314-manylinux2014_ppc64le.manylinux_2_17_ppc64le.manylinux_2_28_ppc64le.whl", hash = "sha256:dfbe2aa45b273f49e715c5345d94874cb65a28482bf231af408891c260601b8d", size = 360801 },
    { url = "https://files.pythonhosted.org/packages/ef/4a/63064c593627bac8754fdafcb5343999c93ab2aeb27bcd9d270a010abea5/bitarray-3.8.0-cp314-cp314-manylinux2014_s390x.manylinux_2_17_s390x.manylinux_2_28_s390x.whl", hash = "sha256:64af877116edf051375b45f0bda648143176a017b13803ec7b3a3111dc05f4c5", size = 371408 },
    { url = "https://files.pythonhosted.org/packages/46/97/ddc07723767bdafd170f2ff6e173c940fa874192783ee464aa3c1dedf07d/bitarray-3.8.0-cp314-cp314-manylinux2014_x86_64.manylinux_2_17_x86_64.manylinux_2_28_x86_64.whl", hash = "sha256:cdfbb27f2c46bb5bbdcee147530cbc5ca8ab858d7693924e88e30ada21b2c5e2", size = 340033 },
    { url = "https://files.pythonhosted.org/packages/ad/1e/e1ea9f1146fd4af032817069ff118918d73e5de519854ce3860e2ed560ff/bitarray-3.8.0-cp314-cp314-musllinux_1_2_aarch64.whl", hash = "sha256:4d73d4948dcc5591d880db8933004e01f1dd2296df9de815354d53469beb26fe", size = 330774 },
    { url = "https://files.pythonhosted.org/packages/cf/9f/8242296c124a48d1eab471fd0838aeb7ea9c6fd720302d99ab7855d3e6d3/bitarray-3.8.0-cp314-cp314-musllinux_1_2_ppc64le.whl", hash = "sha256:28a85b056c0eb7f5d864c0ceef07034117e8ebfca756f50648c71950a568ba11", size = 358337 },
    { url = "https://files.pythonhosted.org/packages/b5/6b/9095d75264c67d479f298c80802422464ce18c3cdd893252eeccf4997611/bitarray-3.8.0-cp314-cp314-musllinux_1_2_s390x.whl", hash = "sha256:79ec4498a545733ecace48d780d22407411b07403a2e08b9a4d7596c0b97ebd7", size = 355639 },
    { url = "https://files.pythonhosted.org/packages/a0/af/c93c0ae5ef824136e90ac7ddf6cceccb1232f34240b2f55a922f874da9b4/bitarray-3.8.0-cp314-cp314-musllinux_1_2_x86_64.whl", hash = "sha256:33af25c4ff7723363cb8404dfc2eefeab4110b654f6c98d26aba8a08c745d860", size = 336999 },
    { url = "https://files.pythonhosted.org/packages/81/0f/72c951f5997b2876355d5e671f78dd2362493254876675cf22dbd24389ae/bitarray-3.8.0-cp314-cp314-win32.whl", hash = "sha256:2c3bb96b6026643ce24677650889b09073f60b9860a71765f843c99f9ab38b25", size = 142169 },
    { url = "https://files.pythonhosted.org/packages/8a/55/ef1b4de8107bf13823da8756c20e1fbc9452228b4e837f46f6d9ddba3eb3/bitarray-3.8.0-cp314-cp314-win_amd64.whl", hash = "sha256:847c7f61964225fc489fe1d49eda7e0e0d253e98862c012cecf845f9ad45cdf4", size = 148737 },
    { url = "https://files.pythonhosted.org/packages/5f/26/bc0784136775024ac56cc67c0d6f9aa77a7770de7f82c3a7c9be11c217cd/bitarray-3.8.0-cp314-cp314-win_arm64.whl", hash = "sha256:a2cb35a6efaa0e3623d8272471371a12c7e07b51a33e5efce9b58f655d864b4e", size = 146083 },
    { url = "https://files.pythonhosted.org/packages/6e/64/57984e64264bf43d93a1809e645972771566a2d0345f4896b041ce20b000/bitarray-3.8.0-cp314-cp314t-macosx_10_13_x86_64.whl", hash = "sha256:15e8d0597cc6e8496de6f4dea2a6880c57e1251502a7072f5631108a1aa28521", size = 149455 },
    { url = "https://files.pythonhosted.org/packages/81/c0/0d5f2eaef1867f462f764bdb07d1e116c33a1bf052ea21889aefe4282f5b/bitarray-3.8.0-cp314-cp314t-macosx_11_0_arm64.whl", hash = "sha256:8ffe660e963ae711cb9e2b8d8461c9b1ad6167823837fc17d59d5e539fb898fa", size = 146491 },
    { url = "https://files.pythonhosted.org/packages/65/c6/bc1261f7a8862c0c59220a484464739e52235fd1e2afcb24d7f7d3fb5702/bitarray-3.8.0-cp314-cp314t-manylinux2014_aarch64.manylinux_2_17_aarch64.manylinux_2_28_aarch64.whl", hash = "sha256:4779f356083c62e29b4198d290b7b17a39a69702d150678b7efff0fdddf494a8", size = 339721 },
    { url = "https://files.pythonhosted.org/packages/81/d8/289ca55dd2939ea17b1108dc53bffc0fdc5160ba44f77502dfaae35d08c6/bitarray-3.8.0-cp314-cp314t-manylinux2014_ppc64le.manylinux_2_17_ppc64le.manylinux_2_28_ppc64le.whl", hash = "sha256:025d133bf4ca8cf75f904eeb8ea946228d7c043231866143f31946a6f4dd0bf3", size = 367823 },
    { url = "https://files.pythonhosted.org/packages/91/a2/61e7461ca9ac0fcb70f327a2e84b006996d2a840898e69037a39c87c6d06/bitarray-3.8.0-cp314-cp314t-manylinux2014_s390x.manylinux_2_17_s390x.manylinux_2_28_s390x.whl", hash = "sha256:451f9958850ea98440d542278368c8d1e1ea821e2494b204570ba34a340759df", size = 377341 },
    { url = "https://files.pythonhosted.org/packages/6c/87/4a0c9c8bdb13916d443e04d8f8542eef9190f31425da3c17c3478c40173f/bitarray-3.8.0-cp314-cp314t-manylinux2014_x86_64.manylinux_2_17_x86_64.manylinux_2_28_x86_64.whl", hash = "sha256:6d79f659965290af60d6acc8e2716341865fe74609a7ede2a33c2f86ad893b8f", size = 344985 },
    { url = "https://files.pythonhosted.org/packages/17/4c/ff9259b916efe53695b631772e5213699c738efc2471b5ffe273f4000994/bitarray-3.8.0-cp314-cp314t-musllinux_1_2_aarch64.whl", hash = "sha256:fbf05678c2ae0064fb1b8de7e9e8f0fc30621b73c8477786dd0fb3868044a8c8", size = 336796 },
    { url = "https://files.pythonhosted.org/packages/0f/4b/51b2468bbddbade5e2f3b8d5db08282c5b309e8687b0f02f75a8b5ff559c/bitarray-3.8.0-cp314-cp314t-musllinux_1_2_ppc64le.whl", hash = "sha256:c396358023b876cff547ce87f4e8ff8a2280598873a137e8cc69e115262260b8", size = 365085 },
    { url = "https://files.pythonhosted.org/packages/bf/79/53473bfc2e052c6dbb628cdc1b156be621c77aaeb715918358b01574be55/bitarray-3.8.0-cp314-cp314t-musllinux_1_2_s390x.whl", hash = "sha256:ed3493a369fe849cce98542d7405c88030b355e4d2e113887cb7ecc86c205773", size = 361012 },
    { url = "https://files.pythonhosted.org/packages/c4/b1/242bf2e44bfc69e73fa2b954b425d761a8e632f78ea31008f1c3cfad0854/bitarray-3.8.0-cp314-cp314t-musllinux_1_2_x86_64.whl", hash = "sha256:c764fb167411d5afaef88138542a4bfa28bd5e5ded5e8e42df87cef965efd6e9", size = 340644 },
    { url = "https://files.pythonhosted.org/packages/cf/01/12e5ecf30a5de28a32485f226cad4b8a546845f65f755ce0365057ab1e92/bitarray-3.8.0-cp314-cp314t-win32.whl", hash = "sha256:e12769d3adcc419e65860de946df8d2ed274932177ac1cdb05186e498aaa9149", size = 143630 },
    { url = "https://files.pythonhosted.org/packages/b6/92/6b6ade587b08024a8a890b07724775d29da9cf7497be5c3cbe226185e463/bitarray-3.8.0-cp314-cp314t-win_amd64.whl", hash = "sha256:0ca70ccf789446a6dfde40b482ec21d28067172cd1f8efd50d5548159fccad9e", size = 150250 },
    { url = "https://files.pythonhosted.org/packages/ed/40/be3858ffed004e47e48a2cefecdbf9b950d41098b780f9dc3aa609a88351/bitarray-3.8.0-cp314-cp314t-win_arm64.whl", hash = "sha256:2a3d1b05ffdd3e95687942ae7b13c63689f85d3f15c39b33329e3cb9ce6c015f", size = 147015 },
]

[[package]]
name = "bitstring"
version = "4.3.1"
source = { registry = "https://pypi.org/simple" }
dependencies = [
    { name = "bitarray" },
]
sdist = { url = "https://files.pythonhosted.org/packages/15/a8/a80c890db75d5bdd5314b5de02c4144c7de94fd0cefcae51acaeb14c6a3f/bitstring-4.3.1.tar.gz", hash = "sha256:a08bc09d3857216d4c0f412a1611056f1cc2b64fd254fb1e8a0afba7cfa1a95a", size = 251426 }
wheels = [
    { url = "https://files.pythonhosted.org/packages/75/2d/174566b533755ddf8efb32a5503af61c756a983de379f8ad3aed6a982d38/bitstring-4.3.1-py3-none-any.whl", hash = "sha256:69d1587f0ac18dc7d93fc7e80d5f447161a33e57027e726dc18a0a8bacf1711a", size = 71930 },
]

[[package]]
name = "certifi"
version = "2026.2.25"
source = { registry = "https://pypi.org/simple" }
sdist = { url = "https://files.pythonhosted.org/packages/af/2d/7bf41579a8986e348fa033a31cdd0e4121114f6bce2457e8876010b092dd/certifi-2026.2.25.tar.gz", hash = "sha256:e887ab5cee78ea814d3472169153c2d12cd43b14bd03329a39a9c6e2e80bfba7", size = 155029 }
wheels = [
    { url = "https://files.pythonhosted.org/packages/9a/3c/c17fb3ca2d9c3acff52e30b309f538586f9f5b9c9cf454f3845fc9af4881/certifi-2026.2.25-py3-none-any.whl", hash = "sha256:027692e4402ad994f1c42e52a4997a9763c646b73e4096e4d5d6db8af1d6f0fa", size = 153684 },
]

[[package]]
name = "charset-normalizer"
version = "3.4.4"
source = { registry = "https://pypi.org/simple" }
sdist = { url = "https://files.pythonhosted.org/packages/13/69/33ddede1939fdd074bce5434295f38fae7136463422fe4fd3e0e89b98062/charset_normalizer-3.4.4.tar.gz", hash = "sha256:94537985111c35f28720e43603b8e7b43a6ecfb2ce1d3058bbe955b73404e21a", size = 129418 }
wheels = [
    { url = "https://files.pythonhosted.org/packages/97/45/4b3a1239bbacd321068ea6e7ac28875b03ab8bc0aa0966452db17cd36714/charset_normalizer-3.4.4-cp313-cp313-macosx_10_13_universal2.whl", hash = "sha256:e1f185f86a6f3403aa2420e815904c67b2f9ebc443f045edd0de921108345794", size = 208091 },
    { url = "https://files.pythonhosted.org/packages/7d/62/73a6d7450829655a35bb88a88fca7d736f9882a27eacdca2c6d505b57e2e/charset_normalizer-3.4.4-cp313-cp313-manylinux2014_aarch64.manylinux_2_17_aarch64.manylinux_2_28_aarch64.whl", hash = "sha256:6b39f987ae8ccdf0d2642338faf2abb1862340facc796048b604ef14919e55ed", size = 147936 },
    { url = "https://files.pythonhosted.org/packages/89/c5/adb8c8b3d6625bef6d88b251bbb0d95f8205831b987631ab0c8bb5d937c2/charset_normalizer-3.4.4-cp313-cp313-manylinux2014_armv7l.manylinux_2_17_armv7l.manylinux_2_31_armv7l.whl", hash = "sha256:3162d5d8ce1bb98dd51af660f2121c55d0fa541b46dff7bb9b9f86ea1d87de72", size = 144180 },
    { url = "https://files.pythonhosted.org/packages/91/ed/9706e4070682d1cc219050b6048bfd293ccf67b3d4f5a4f39207453d4b99/charset_normalizer-3.4.4-cp313-cp313-manylinux2014_ppc64le.manylinux_2_17_ppc64le.manylinux_2_28_ppc64le.whl", hash = "sha256:81d5eb2a312700f4ecaa977a8235b634ce853200e828fbadf3a9c50bab278328", size = 161346 },
    { url = "https://files.pythonhosted.org/packages/d5/0d/031f0d95e4972901a2f6f09ef055751805ff541511dc1252ba3ca1f80cf5/charset_normalizer-3.4.4-cp313-cp313-manylinux2014_s390x.manylinux_2_17_s390x.manylinux_2_28_s390x.whl", hash = "sha256:5bd2293095d766545ec1a8f612559f6b40abc0eb18bb2f5d1171872d34036ede", size = 158874 },
    { url = "https://files.pythonhosted.org/packages/f5/83/6ab5883f57c9c801ce5e5677242328aa45592be8a00644310a008d04f922/charset_normalizer-3.4.4-cp313-cp313-manylinux2014_x86_64.manylinux_2_17_x86_64.manylinux_2_28_x86_64.whl", hash = "sha256:a8a8b89589086a25749f471e6a900d3f662d1d3b6e2e59dcecf787b1cc3a1894", size = 153076 },
    { url = "https://files.pythonhosted.org/packages/75/1e/5ff781ddf5260e387d6419959ee89ef13878229732732ee73cdae01800f2/charset_normalizer-3.4.4-cp313-cp313-manylinux_2_31_riscv64.manylinux_2_39_riscv64.whl", hash = "sha256:bc7637e2f80d8530ee4a78e878bce464f70087ce73cf7c1caf142416923b98f1", size = 150601 },
    { url = "https://files.pythonhosted.org/packages/d7/57/71be810965493d3510a6ca79b90c19e48696fb1ff964da319334b12677f0/charset_normalizer-3.4.4-cp313-cp313-musllinux_1_2_aarch64.whl", hash = "sha256:f8bf04158c6b607d747e93949aa60618b61312fe647a6369f88ce2ff16043490", size = 150376 },
    { url = "https://files.pythonhosted.org/packages/e5/d5/c3d057a78c181d007014feb7e9f2e65905a6c4ef182c0ddf0de2924edd65/charset_normalizer-3.4.4-cp313-cp313-musllinux_1_2_armv7l.whl", hash = "sha256:554af85e960429cf30784dd47447d5125aaa3b99a6f0683589dbd27e2f45da44", size = 144825 },
    { url = "https://files.pythonhosted.org/packages/e6/8c/d0406294828d4976f275ffbe66f00266c4b3136b7506941d87c00cab5272/charset_normalizer-3.4.4-cp313-cp313-musllinux_1_2_ppc64le.whl", hash = "sha256:74018750915ee7ad843a774364e13a3db91682f26142baddf775342c3f5b1133", size = 162583 },
    { url = "https://files.pythonhosted.org/packages/d7/24/e2aa1f18c8f15c4c0e932d9287b8609dd30ad56dbe41d926bd846e22fb8d/charset_normalizer-3.4.4-cp313-cp313-musllinux_1_2_riscv64.whl", hash = "sha256:c0463276121fdee9c49b98908b3a89c39be45d86d1dbaa22957e38f6321d4ce3", size = 150366 },
    { url = "https://files.pythonhosted.org/packages/e4/5b/1e6160c7739aad1e2df054300cc618b06bf784a7a164b0f238360721ab86/charset_normalizer-3.4.4-cp313-cp313-musllinux_1_2_s390x.whl", hash = "sha256:362d61fd13843997c1c446760ef36f240cf81d3ebf74ac62652aebaf7838561e", size = 160300 },
    { url = "https://files.pythonhosted.org/packages/7a/10/f882167cd207fbdd743e55534d5d9620e095089d176d55cb22d5322f2afd/charset_normalizer-3.4.4-cp313-cp313-musllinux_1_2_x86_64.whl", hash = "sha256:9a26f18905b8dd5d685d6d07b0cdf98a79f3c7a918906af7cc143ea2e164c8bc", size = 154465 },
    { url = "https://files.pythonhosted.org/packages/89/66/c7a9e1b7429be72123441bfdbaf2bc13faab3f90b933f664db506dea5915/charset_normalizer-3.4.4-cp313-cp313-win32.whl", hash = "sha256:9b35f4c90079ff2e2edc5b26c0c77925e5d2d255c42c74fdb70fb49b172726ac", size = 99404 },
    { url = "https://files.pythonhosted.org/packages/c4/26/b9924fa27db384bdcd97ab83b4f0a8058d96ad9626ead570674d5e737d90/charset_normalizer-3.4.4-cp313-cp313-win_amd64.whl", hash = "sha256:b435cba5f4f750aa6c0a0d92c541fb79f69a387c91e61f1795227e4ed9cece14", size = 107092 },
    { url = "https://files.pythonhosted.org/packages/af/8f/3ed4bfa0c0c72a7ca17f0380cd9e4dd842b09f664e780c13cff1dcf2ef1b/charset_normalizer-3.4.4-cp313-cp313-win_arm64.whl", hash = "sha256:542d2cee80be6f80247095cc36c418f7bddd14f4a6de45af91dfad36d817bba2", size = 100408 },
    { url = "https://files.pythonhosted.org/packages/2a/35/7051599bd493e62411d6ede36fd5af83a38f37c4767b92884df7301db25d/charset_normalizer-3.4.4-cp314-cp314-macosx_10_13_universal2.whl", hash = "sha256:da3326d9e65ef63a817ecbcc0df6e94463713b754fe293eaa03da99befb9a5bd", size = 207746 },
    { url = "https://files.pythonhosted.org/packages/10/9a/97c8d48ef10d6cd4fcead2415523221624bf58bcf68a802721a6bc807c8f/charset_normalizer-3.4.4-cp314-cp314-manylinux2014_aarch64.manylinux_2_17_aarch64.manylinux_2_28_aarch64.whl", hash = "sha256:8af65f14dc14a79b924524b1e7fffe304517b2bff5a58bf64f30b98bbc5079eb", size = 147889 },
    { url = "https://files.pythonhosted.org/packages/10/bf/979224a919a1b606c82bd2c5fa49b5c6d5727aa47b4312bb27b1734f53cd/charset_normalizer-3.4.4-cp314-cp314-manylinux2014_armv7l.manylinux_2_17_armv7l.manylinux_2_31_armv7l.whl", hash = "sha256:74664978bb272435107de04e36db5a9735e78232b85b77d45cfb38f758efd33e", size = 143641 },
    { url = "https://files.pythonhosted.org/packages/ba/33/0ad65587441fc730dc7bd90e9716b30b4702dc7b617e6ba4997dc8651495/charset_normalizer-3.4.4-cp314-cp314-manylinux2014_ppc64le.manylinux_2_17_ppc64le.manylinux_2_28_ppc64le.whl", hash = "sha256:752944c7ffbfdd10c074dc58ec2d5a8a4cd9493b314d367c14d24c17684ddd14", size = 160779 },
    { url = "https://files.pythonhosted.org/packages/67/ed/331d6b249259ee71ddea93f6f2f0a56cfebd46938bde6fcc6f7b9a3d0e09/charset_normalizer-3.4.4-cp314-cp314-manylinux2014_s390x.manylinux_2_17_s390x.manylinux_2_28_s390x.whl", hash = "sha256:d1f13550535ad8cff21b8d757a3257963e951d96e20ec82ab44bc64aeb62a191", size = 159035 },
    { url = "https://files.pythonhosted.org/packages/67/ff/f6b948ca32e4f2a4576aa129d8bed61f2e0543bf9f5f2b7fc3758ed005c9/charset_normalizer-3.4.4-cp314-cp314-manylinux2014_x86_64.manylinux_2_17_x86_64.manylinux_2_28_x86_64.whl", hash = "sha256:ecaae4149d99b1c9e7b88bb03e3221956f68fd6d50be2ef061b2381b61d20838", size = 152542 },
    { url = "https://files.pythonhosted.org/packages/16/85/276033dcbcc369eb176594de22728541a925b2632f9716428c851b149e83/charset_normalizer-3.4.4-cp314-cp314-manylinux_2_31_riscv64.manylinux_2_39_riscv64.whl", hash = "sha256:cb6254dc36b47a990e59e1068afacdcd02958bdcce30bb50cc1700a8b9d624a6", size = 149524 },
    { url = "https://files.pythonhosted.org/packages/9e/f2/6a2a1f722b6aba37050e626530a46a68f74e63683947a8acff92569f979a/charset_normalizer-3.4.4-cp314-cp314-musllinux_1_2_aarch64.whl", hash = "sha256:c8ae8a0f02f57a6e61203a31428fa1d677cbe50c93622b4149d5c0f319c1d19e", size = 150395 },
    { url = "https://files.pythonhosted.org/packages/60/bb/2186cb2f2bbaea6338cad15ce23a67f9b0672929744381e28b0592676824/charset_normalizer-3.4.4-cp314-cp314-musllinux_1_2_armv7l.whl", hash = "sha256:47cc91b2f4dd2833fddaedd2893006b0106129d4b94fdb6af1f4ce5a9965577c", size = 143680 },
    { url = "https://files.pythonhosted.org/packages/7d/a5/bf6f13b772fbb2a90360eb620d52ed8f796f3c5caee8398c3b2eb7b1c60d/charset_normalizer-3.4.4-cp314-cp314-musllinux_1_2_ppc64le.whl", hash = "sha256:82004af6c302b5d3ab2cfc4cc5f29db16123b1a8417f2e25f9066f91d4411090", size = 162045 },
    { url = "https://files.pythonhosted.org/packages/df/c5/d1be898bf0dc3ef9030c3825e5d3b83f2c528d207d246cbabe245966808d/charset_normalizer-3.4.4-cp314-cp314-musllinux_1_2_riscv64.whl", hash = "sha256:2b7d8f6c26245217bd2ad053761201e9f9680f8ce52f0fcd8d0755aeae5b2152", size = 149687 },
    { url = "https://files.pythonhosted.org/packages/a5/42/90c1f7b9341eef50c8a1cb3f098ac43b0508413f33affd762855f67a410e/charset_normalizer-3.4.4-cp314-cp314-musllinux_1_2_s390x.whl", hash = "sha256:799a7a5e4fb2d5898c60b640fd4981d6a25f1c11790935a44ce38c54e985f828", size = 160014 },
    { url = "https://files.pythonhosted.org/packages/76/be/4d3ee471e8145d12795ab655ece37baed0929462a86e72372fd25859047c/charset_normalizer-3.4.4-cp314-cp314-musllinux_1_2_x86_64.whl", hash = "sha256:99ae2cffebb06e6c22bdc25801d7b30f503cc87dbd283479e7b606f70aff57ec", size = 154044 },
    { url = "https://files.pythonhosted.org/packages/b0/6f/8f7af07237c34a1defe7defc565a9bc1807762f672c0fde711a4b22bf9c0/charset_normalizer-3.4.4-cp314-cp314-win32.whl", hash = "sha256:f9d332f8c2a2fcbffe1378594431458ddbef721c1769d78e2cbc06280d8155f9", size = 99940 },
    { url = "https://files.pythonhosted.org/packages/4b/51/8ade005e5ca5b0d80fb4aff72a3775b325bdc3d27408c8113811a7cbe640/charset_normalizer-3.4.4-cp314-cp314-win_amd64.whl", hash = "sha256:8a6562c3700cce886c5be75ade4a5db4214fda19fede41d9792d100288d8f94c", size = 107104 },
    { url = "https://files.pythonhosted.org/packages/da/5f/6b8f83a55bb8278772c5ae54a577f3099025f9ade59d0136ac24a0df4bde/charset_normalizer-3.4.4-cp314-cp314-win_arm64.whl", hash = "sha256:de00632ca48df9daf77a2c65a484531649261ec9f25489917f09e455cb09ddb2", size = 100743 },
    { url = "https://files.pythonhosted.org/packages/0a/4c/925909008ed5a988ccbb72dcc897407e5d6d3bd72410d69e051fc0c14647/charset_normalizer-3.4.4-py3-none-any.whl", hash = "sha256:7a32c560861a02ff789ad905a2fe94e3f840803362c84fecf1851cb4cf3dc37f", size = 53402 },
]

[[package]]
name = "humanize"
version = "4.15.0"
source = { registry = "https://pypi.org/simple" }
sdist = { url = "https://files.pythonhosted.org/packages/ba/66/a3921783d54be8a6870ac4ccffcd15c4dc0dd7fcce51c6d63b8c63935276/humanize-4.15.0.tar.gz", hash = "sha256:1dd098483eb1c7ee8e32eb2e99ad1910baefa4b75c3aff3a82f4d78688993b10", size = 83599 }
wheels = [
    { url = "https://files.pythonhosted.org/packages/c5/7b/bca5613a0c3b542420cf92bd5e5fb8ebd5435ce1011a091f66bb7693285e/humanize-4.15.0-py3-none-any.whl", hash = "sha256:b1186eb9f5a9749cd9cb8565aee77919dd7c8d076161cf44d70e59e3301e1769", size = 132203 },
]

[[package]]
name = "idna"
version = "3.11"
source = { registry = "https://pypi.org/simple" }
sdist = { url = "https://files.pythonhosted.org/packages/6f/6d/0703ccc57f3a7233505399edb88de3cbd678da106337b9fcde432b65ed60/idna-3.11.tar.gz", hash = "sha256:795dafcc9c04ed0c1fb032c2aa73654d8e8c5023a7df64a53f39190ada629902", size = 194582 }
wheels = [
    { url = "https://files.pythonhosted.org/packages/0e/61/66938bbb5fc52dbdf84594873d5b51fb1f7c7794e9c0f5bd885f30bc507b/idna-3.11-py3-none-any.whl", hash = "sha256:771a87f49d9defaf64091e6e6fe9c18d4833f140bd19464795bc32d966ca37ea", size = 71008 },
]

[[package]]
name = "markdown-it-py"
version = "4.0.0"
source = { registry = "https://pypi.org/simple" }
dependencies = [
    { name = "mdurl" },
]
sdist = { url = "https://files.pythonhosted.org/packages/5b/f5/4ec618ed16cc4f8fb3b701563655a69816155e79e24a17b651541804721d/markdown_it_py-4.0.0.tar.gz", hash = "sha256:cb0a2b4aa34f932c007117b194e945bd74e0ec24133ceb5bac59009cda1cb9f3", size = 73070 }
wheels = [
    { url = "https://files.pythonhosted.org/packages/94/54/e7d793b573f298e1c9013b8c4dade17d481164aa517d1d7148619c2cedbf/markdown_it_py-4.0.0-py3-none-any.whl", hash = "sha256:87327c59b172c5011896038353a81343b6754500a08cd7a4973bb48c6d578147", size = 87321 },
]

[[package]]
name = "mdurl"
version = "0.1.2"
source = { registry = "https://pypi.org/simple" }
sdist = { url = "https://files.pythonhosted.org/packages/d6/54/cfe61301667036ec958cb99bd3efefba235e65cdeb9c84d24a8293ba1d90/mdurl-0.1.2.tar.gz", hash = "sha256:bb413d29f5eea38f31dd4754dd7377d4465116fb207585f97bf925588687c1ba", size = 8729 }
wheels = [
    { url = "https://files.pythonhosted.org/packages/b3/38/89ba8ad64ae25be8de66a6d463314cf1eb366222074cfda9ee839c56a4b4/mdurl-0.1.2-py3-none-any.whl", hash = "sha256:84008a41e51615a49fc9966191ff91509e3c40b939176e643fd50a5c2196b8f8", size = 9979 },
]

[[package]]
name = "pygments"
version = "2.19.2"
source = { registry = "https://pypi.org/simple" }
sdist = { url = "https://files.pythonhosted.org/packages/b0/77/a5b8c569bf593b0140bde72ea885a803b82086995367bf2037de0159d924/pygments-2.19.2.tar.gz", hash = "sha256:636cb2477cec7f8952536970bc533bc43743542f70392ae026374600add5b887", size = 4968631 }
wheels = [
    { url = "https://files.pythonhosted.org/packages/c7/21/705964c7812476f378728bdf590ca4b771ec72385c533964653c68e86bdc/pygments-2.19.2-py3-none-any.whl", hash = "sha256:86540386c03d588bb81d44bc3928634ff26449851e99741617ecb9037ee5ec0b", size = 1225217 },
]

[[package]]
name = "requests"
version = "2.32.5"
source = { registry = "https://pypi.org/simple" }
dependencies = [
    { name = "certifi" },
    { name = "charset-normalizer" },
    { name = "idna" },
    { name = "urllib3" },
]
sdist = { url = "https://files.pythonhosted.org/packages/c9/74/b3ff8e6c8446842c3f5c837e9c3dfcfe2018ea6ecef224c710c85ef728f4/requests-2.32.5.tar.gz", hash = "sha256:dbba0bac56e100853db0ea71b82b4dfd5fe2bf6d3754a8893c3af500cec7d7cf", size = 134517 }
wheels = [
    { url = "https://files.pythonhosted.org/packages/1e/db/4254e3eabe8020b458f1a747140d32277ec7a271daf1d235b70dc0b4e6e3/requests-2.32.5-py3-none-any.whl", hash = "sha256:2462f94637a34fd532264295e186976db0f5d453d1cdd31473c85a6a161affb6", size = 64738 },
]

[[package]]
name = "rich"
version = "14.3.3"
source = { registry = "https://pypi.org/simple" }
dependencies = [
    { name = "markdown-it-py" },
    { name = "pygments" },
]
sdist = { url = "https://files.pythonhosted.org/packages/b3/c6/f3b320c27991c46f43ee9d856302c70dc2d0fb2dba4842ff739d5f46b393/rich-14.3.3.tar.gz", hash = "sha256:b8daa0b9e4eef54dd8cf7c86c03713f53241884e814f4e2f5fb342fe520f639b", size = 230582 }
wheels = [
    { url = "https://files.pythonhosted.org/packages/14/25/b208c5683343959b670dc001595f2f3737e051da617f66c31f7c4fa93abc/rich-14.3.3-py3-none-any.whl", hash = "sha256:793431c1f8619afa7d3b52b2cdec859562b950ea0d4b6b505397612db8d5362d", size = 310458 },
]

[[package]]
name = "temporal-cloak"
version = "0.1.0"
source = { virtual = "." }
dependencies = [
    { name = "bitstring" },
    { name = "humanize" },
    { name = "requests" },
    { name = "rich" },
    { name = "tornado" },
]

[package.metadata]
requires-dist = [
    { name = "bitstring" },
    { name = "humanize" },
    { name = "requests" },
    { name = "rich" },
    { name = "tornado" },
]

[[package]]
name = "tornado"
version = "6.5.4"
source = { registry = "https://pypi.org/simple" }
sdist = { url = "https://files.pythonhosted.org/packages/37/1d/0a336abf618272d53f62ebe274f712e213f5a03c0b2339575430b8362ef2/tornado-6.5.4.tar.gz", hash = "sha256:a22fa9047405d03260b483980635f0b041989d8bcc9a313f8fe18b411d84b1d7", size = 513632 }
wheels = [
    { url = "https://files.pythonhosted.org/packages/ab/a9/e94a9d5224107d7ce3cc1fab8d5dc97f5ea351ccc6322ee4fb661da94e35/tornado-6.5.4-cp39-abi3-macosx_10_9_universal2.whl", hash = "sha256:d6241c1a16b1c9e4cc28148b1cda97dd1c6cb4fb7068ac1bedc610768dff0ba9", size = 443909 },
    { url = "https://files.pythonhosted.org/packages/db/7e/f7b8d8c4453f305a51f80dbb49014257bb7d28ccb4bbb8dd328ea995ecad/tornado-6.5.4-cp39-abi3-macosx_10_9_x86_64.whl", hash = "sha256:2d50f63dda1d2cac3ae1fa23d254e16b5e38153758470e9956cbc3d813d40843", size = 442163 },
    { url = "https://files.pythonhosted.org/packages/ba/b5/206f82d51e1bfa940ba366a8d2f83904b15942c45a78dd978b599870ab44/tornado-6.5.4-cp39-abi3-manylinux_2_17_aarch64.manylinux2014_aarch64.whl", hash = "sha256:d1cf66105dc6acb5af613c054955b8137e34a03698aa53272dbda4afe252be17", size = 445746 },
    { url = "https://files.pythonhosted.org/packages/8e/9d/1a3338e0bd30ada6ad4356c13a0a6c35fbc859063fa7eddb309183364ac1/tornado-6.5.4-cp39-abi3-manylinux_2_5_i686.manylinux1_i686.manylinux_2_17_i686.manylinux2014_i686.whl", hash = "sha256:50ff0a58b0dc97939d29da29cd624da010e7f804746621c78d14b80238669335", size = 445083 },
    { url = "https://files.pythonhosted.org/packages/50/d4/e51d52047e7eb9a582da59f32125d17c0482d065afd5d3bc435ff2120dc5/tornado-6.5.4-cp39-abi3-manylinux_2_5_x86_64.manylinux1_x86_64.manylinux_2_17_x86_64.manylinux2014_x86_64.whl", hash = "sha256:e5fb5e04efa54cf0baabdd10061eb4148e0be137166146fff835745f59ab9f7f", size = 445315 },
    { url = "https://files.pythonhosted.org/packages/27/07/2273972f69ca63dbc139694a3fc4684edec3ea3f9efabf77ed32483b875c/tornado-6.5.4-cp39-abi3-musllinux_1_2_aarch64.whl", hash = "sha256:9c86b1643b33a4cd415f8d0fe53045f913bf07b4a3ef646b735a6a86047dda84", size = 446003 },
    { url = "https://files.pythonhosted.org/packages/d1/83/41c52e47502bf7260044413b6770d1a48dda2f0246f95ee1384a3cd9c44a/tornado-6.5.4-cp39-abi3-musllinux_1_2_i686.whl", hash = "sha256:6eb82872335a53dd063a4f10917b3efd28270b56a33db69009606a0312660a6f", size = 445412 },
    { url = "https://files.pythonhosted.org/packages/10/c7/bc96917f06cbee182d44735d4ecde9c432e25b84f4c2086143013e7b9e52/tornado-6.5.4-cp39-abi3-musllinux_1_2_x86_64.whl", hash = "sha256:6076d5dda368c9328ff41ab5d9dd3608e695e8225d1cd0fd1e006f05da3635a8", size = 445392 },
    { url = "https://files.pythonhosted.org/packages/0c/1a/d7592328d037d36f2d2462f4bc1fbb383eec9278bc786c1b111cbbd44cfa/tornado-6.5.4-cp39-abi3-win32.whl", hash = "sha256:1768110f2411d5cd281bac0a090f707223ce77fd110424361092859e089b38d1", size = 446481 },
    { url = "https://files.pythonhosted.org/packages/d6/6d/c69be695a0a64fd37a97db12355a035a6d90f79067a3cf936ec2b1dc38cd/tornado-6.5.4-cp39-abi3-win_amd64.whl", hash = "sha256:fa07d31e0cd85c60713f2b995da613588aa03e1303d75705dca6af8babc18ddc", size = 446886 },
    { url = "https://files.pythonhosted.org/packages/50/49/8dc3fd90902f70084bd2cd059d576ddb4f8bb44c2c7c0e33a11422acb17e/tornado-6.5.4-cp39-abi3-win_arm64.whl", hash = "sha256:053e6e16701eb6cbe641f308f4c1a9541f91b6261991160391bfc342e8a551a1", size = 445910 },
]

[[package]]
name = "urllib3"
version = "2.6.3"
source = { registry = "https://pypi.org/simple" }
sdist = { url = "https://files.pythonhosted.org/packages/c7/24/5f1b3bdffd70275f6661c76461e25f024d5a38a46f04aaca912426a2b1d3/urllib3-2.6.3.tar.gz", hash = "sha256:1b62b6884944a57dbe321509ab94fd4d3b307075e0c2eae991ac71ee15ad38ed", size = 435556 }
wheels = [
    { url = "https://files.pythonhosted.org/packages/39/08/aaaad47bc4e9dc8c725e68f9d04865dbcb2052843ff09c97b08904852d84/urllib3-2.6.3-py3-none-any.whl", hash = "sha256:bf272323e553dfb2e87d9bfd225ca7b0f467b919d7bbd355436d3fd37cb0acd4", size = 131584 },
]
